
Microsoft Visual Studio Solution File, Format Version 10.00
# Visual Studio 2008
Project("{FAE04EC0-301F-11D3-BF4B-00C04F79EFBC}") = "MSTS Route Editor", "MSTS Route Editor\MSTS Route Editor.csproj", "{57D66581-70DB-4B7D-9C21-748920084697}"
EndProject
Project("{FAE04EC0-301F-11D3-BF4B-00C04F79EFBC}") = "SimisEditor", "SimisEditor\SimisEditor.csproj", "{D0874CDE-545D-439A-9EA7-93970C6F4071}"
EndProject
Project("{FAE04EC0-301F-11D3-BF4B-00C04F79EFBC}") = "JGR", "JGR\JGR.csproj", "{8A4E6830-F84F-4938-B261-F732B7C97C4F}"
EndProject
Project("{FAE04EC0-301F-11D3-BF4B-00C04F79EFBC}") = "JGR.IO", "JGR.IO\JGR.IO.csproj", "{774CA6A0-E350-4A54-B74A-21FEF0361198}"
EndProject
Project("{FAE04EC0-301F-11D3-BF4B-00C04F79EFBC}") = "JGR.IO.Parser", "JGR.IO.Parser\JGR.IO.Parser.csproj", "{C0430CE2-1634-4E34-9170-5CF954E00965}"
EndProject
Project("{FAE04EC0-301F-11D3-BF4B-00C04F79EFBC}") = "JGR.Grammar", "JGR.Grammar\JGR.Grammar.csproj", "{2C591A6F-D05C-41F7-AE04-CFFD179AB641}"
EndProject
Global
	GlobalSection(SolutionConfigurationPlatforms) = preSolution
		Debug|Any CPU = Debug|Any CPU
		Release|Any CPU = Release|Any CPU
	EndGlobalSection
	GlobalSection(ProjectConfigurationPlatforms) = postSolution
		{57D66581-70DB-4B7D-9C21-748920084697}.Debug|Any CPU.ActiveCfg = Debug|Any CPU
		{57D66581-70DB-4B7D-9C21-748920084697}.Debug|Any CPU.Build.0 = Debug|Any CPU
		{57D66581-70DB-4B7D-9C21-748920084697}.Release|Any CPU.ActiveCfg = Release|Any CPU
		{57D66581-70DB-4B7D-9C21-748920084697}.Release|Any CPU.Build.0 = Release|Any CPU
		{D0874CDE-545D-439A-9EA7-93970C6F4071}.Debug|Any CPU.ActiveCfg = Debug|Any CPU
		{D0874CDE-545D-439A-9EA7-93970C6F4071}.Debug|Any CPU.Build.0 = Debug|Any CPU
		{D0874CDE-545D-439A-9EA7-93970C6F4071}.Release|Any CPU.ActiveCfg = Release|Any CPU
		{D0874CDE-545D-439A-9EA7-93970C6F4071}.Release|Any CPU.Build.0 = Release|Any CPU
		{8A4E6830-F84F-4938-B261-F732B7C97C4F}.Debug|Any CPU.ActiveCfg = Debug|Any CPU
		{8A4E6830-F84F-4938-B261-F732B7C97C4F}.Debug|Any CPU.Build.0 = Debug|Any CPU
		{8A4E6830-F84F-4938-B261-F732B7C97C4F}.Release|Any CPU.ActiveCfg = Release|Any CPU
		{8A4E6830-F84F-4938-B261-F732B7C97C4F}.Release|Any CPU.Build.0 = Release|Any CPU
		{774CA6A0-E350-4A54-B74A-21FEF0361198}.Debug|Any CPU.ActiveCfg = Debug|Any CPU
		{774CA6A0-E350-4A54-B74A-21FEF0361198}.Debug|Any CPU.Build.0 = Debug|Any CPU
		{774CA6A0-E350-4A54-B74A-21FEF0361198}.Release|Any CPU.ActiveCfg = Release|Any CPU
		{774CA6A0-E350-4A54-B74A-21FEF0361198}.Release|Any CPU.Build.0 = Release|Any CPU
		{C0430CE2-1634-4E34-9170-5CF954E00965}.Debug|Any CPU.ActiveCfg = Debug|Any CPU
		{C0430CE2-1634-4E34-9170-5CF954E00965}.Debug|Any CPU.Build.0 = Debug|Any CPU
		{C0430CE2-1634-4E34-9170-5CF954E00965}.Release|Any CPU.ActiveCfg = Release|Any CPU
		{C0430CE2-1634-4E34-9170-5CF954E00965}.Release|Any CPU.Build.0 = Release|Any CPU
		{2C591A6F-D05C-41F7-AE04-CFFD179AB641}.Debug|Any CPU.ActiveCfg = Debug|Any CPU
		{2C591A6F-D05C-41F7-AE04-CFFD179AB641}.Debug|Any CPU.Build.0 = Debug|Any CPU
		{2C591A6F-D05C-41F7-AE04-CFFD179AB641}.Release|Any CPU.ActiveCfg = Release|Any CPU
		{2C591A6F-D05C-41F7-AE04-CFFD179AB641}.Release|Any CPU.Build.0 = Release|Any CPU
	EndGlobalSection
	GlobalSection(SolutionProperties) = preSolution
		HideSolutionNode = FALSE
	EndGlobalSection
EndGlobal
