
Microsoft Visual Studio Solution File, Format Version 10.00
# Visual Studio 2008
Project("{FAE04EC0-301F-11D3-BF4B-00C04F79EFBC}") = "Simis Editor", "Simis Editor\Simis Editor.csproj", "{D0874CDE-545D-439A-9EA7-93970C6F4071}"
EndProject
Project("{FAE04EC0-301F-11D3-BF4B-00C04F79EFBC}") = "JGR", "JGR\JGR.csproj", "{8A4E6830-F84F-4938-B261-F732B7C97C4F}"
EndProject
Project("{FAE04EC0-301F-11D3-BF4B-00C04F79EFBC}") = "JGR.IO", "JGR.IO\JGR.IO.csproj", "{774CA6A0-E350-4A54-B74A-21FEF0361198}"
EndProject
Project("{FAE04EC0-301F-11D3-BF4B-00C04F79EFBC}") = "JGR.IO.Parser", "JGR.IO.Parser\JGR.IO.Parser.csproj", "{C0430CE2-1634-4E34-9170-5CF954E00965}"
EndProject
Project("{FAE04EC0-301F-11D3-BF4B-00C04F79EFBC}") = "JGR.Grammar", "JGR.Grammar\JGR.Grammar.csproj", "{2C591A6F-D05C-41F7-AE04-CFFD179AB641}"
EndProject
Project("{FAE04EC0-301F-11D3-BF4B-00C04F79EFBC}") = "Simis File", "Simis File\Simis File.csproj", "{E2F042A3-83CC-401E-AA66-582809C0DFE9}"
EndProject
Project("{FAE04EC0-301F-11D3-BF4B-00C04F79EFBC}") = "JGR.GUI", "JGR.GUI\JGR.GUI.csproj", "{CE8C7450-8044-4158-8F93-CAD730CB2946}"
EndProject
Project("{FAE04EC0-301F-11D3-BF4B-00C04F79EFBC}") = "Tests", "Tests\Tests.csproj", "{7EDBE4DE-EEA9-4C7B-99FA-A863121B1428}"
EndProject
Project("{2150E333-8FDC-42A3-9474-1A3956D46DE8}") = "Solution Items", "Solution Items", "{5EFA45EF-FEFB-41CA-BEF6-7C54DDC57F37}"
	ProjectSection(SolutionItems) = preProject
		JGR MSTS Editor.vsmdi = JGR MSTS Editor.vsmdi
		LocalTestRun.testrunconfig = LocalTestRun.testrunconfig
	EndProjectSection
EndProject
Global
	GlobalSection(TestCaseManagementSettings) = postSolution
		CategoryFile = JGR MSTS Editor.vsmdi
	EndGlobalSection
	GlobalSection(SolutionConfigurationPlatforms) = preSolution
		Debug|Any CPU = Debug|Any CPU
		Release|Any CPU = Release|Any CPU
	EndGlobalSection
	GlobalSection(ProjectConfigurationPlatforms) = postSolution
		{D0874CDE-545D-439A-9EA7-93970C6F4071}.Debug|Any CPU.ActiveCfg = Debug|Any CPU
		{D0874CDE-545D-439A-9EA7-93970C6F4071}.Debug|Any CPU.Build.0 = Debug|Any CPU
		{D0874CDE-545D-439A-9EA7-93970C6F4071}.Release|Any CPU.ActiveCfg = Release|Any CPU
		{D0874CDE-545D-439A-9EA7-93970C6F4071}.Release|Any CPU.Build.0 = Release|Any CPU
		{8A4E6830-F84F-4938-B261-F732B7C97C4F}.Debug|Any CPU.ActiveCfg = Debug|Any CPU
		{8A4E6830-F84F-4938-B261-F732B7C97C4F}.Debug|Any CPU.Build.0 = Debug|Any CPU
		{8A4E6830-F84F-4938-B261-F732B7C97C4F}.Release|Any CPU.ActiveCfg = Release|Any CPU
		{8A4E6830-F84F-4938-B261-F732B7C97C4F}.Release|Any CPU.Build.0 = Release|Any CPU
		{774CA6A0-E350-4A54-B74A-21FEF0361198}.Debug|Any CPU.ActiveCfg = Debug|Any CPU
		{774CA6A0-E350-4A54-B74A-21FEF0361198}.Debug|Any CPU.Build.0 = Debug|Any CPU
		{774CA6A0-E350-4A54-B74A-21FEF0361198}.Release|Any CPU.ActiveCfg = Release|Any CPU
		{774CA6A0-E350-4A54-B74A-21FEF0361198}.Release|Any CPU.Build.0 = Release|Any CPU
		{C0430CE2-1634-4E34-9170-5CF954E00965}.Debug|Any CPU.ActiveCfg = Debug|Any CPU
		{C0430CE2-1634-4E34-9170-5CF954E00965}.Debug|Any CPU.Build.0 = Debug|Any CPU
		{C0430CE2-1634-4E34-9170-5CF954E00965}.Release|Any CPU.ActiveCfg = Release|Any CPU
		{C0430CE2-1634-4E34-9170-5CF954E00965}.Release|Any CPU.Build.0 = Release|Any CPU
		{2C591A6F-D05C-41F7-AE04-CFFD179AB641}.Debug|Any CPU.ActiveCfg = Debug|Any CPU
		{2C591A6F-D05C-41F7-AE04-CFFD179AB641}.Debug|Any CPU.Build.0 = Debug|Any CPU
		{2C591A6F-D05C-41F7-AE04-CFFD179AB641}.Release|Any CPU.ActiveCfg = Release|Any CPU
		{2C591A6F-D05C-41F7-AE04-CFFD179AB641}.Release|Any CPU.Build.0 = Release|Any CPU
		{E2F042A3-83CC-401E-AA66-582809C0DFE9}.Debug|Any CPU.ActiveCfg = Debug|Any CPU
		{E2F042A3-83CC-401E-AA66-582809C0DFE9}.Debug|Any CPU.Build.0 = Debug|Any CPU
		{E2F042A3-83CC-401E-AA66-582809C0DFE9}.Release|Any CPU.ActiveCfg = Release|Any CPU
		{E2F042A3-83CC-401E-AA66-582809C0DFE9}.Release|Any CPU.Build.0 = Release|Any CPU
		{CE8C7450-8044-4158-8F93-CAD730CB2946}.Debug|Any CPU.ActiveCfg = Debug|Any CPU
		{CE8C7450-8044-4158-8F93-CAD730CB2946}.Debug|Any CPU.Build.0 = Debug|Any CPU
		{CE8C7450-8044-4158-8F93-CAD730CB2946}.Release|Any CPU.ActiveCfg = Release|Any CPU
		{CE8C7450-8044-4158-8F93-CAD730CB2946}.Release|Any CPU.Build.0 = Release|Any CPU
		{7EDBE4DE-EEA9-4C7B-99FA-A863121B1428}.Debug|Any CPU.ActiveCfg = Debug|Any CPU
		{7EDBE4DE-EEA9-4C7B-99FA-A863121B1428}.Debug|Any CPU.Build.0 = Debug|Any CPU
		{7EDBE4DE-EEA9-4C7B-99FA-A863121B1428}.Release|Any CPU.ActiveCfg = Release|Any CPU
		{7EDBE4DE-EEA9-4C7B-99FA-A863121B1428}.Release|Any CPU.Build.0 = Release|Any CPU
	EndGlobalSection
	GlobalSection(SolutionProperties) = preSolution
		HideSolutionNode = FALSE
	EndGlobalSection
EndGlobal
